
Microsoft Visual Studio Solution File, Format Version 12.00
# Visual Studio 15
VisualStudioVersion = 15.0.26730.16
MinimumVisualStudioVersion = 10.0.40219.1
Project("{FAE04EC0-301F-11D3-BF4B-00C04F79EFBC}") = "A12", "A12\A12.csproj", "{0A3B7014-1D9A-4F25-A8A9-F8BEF26E27E3}"
EndProject
Project("{FAE04EC0-301F-11D3-BF4B-00C04F79EFBC}") = "A12Tests", "A12Tests\A12Tests.csproj", "{FCAF6E08-E147-444A-8788-208E622EB8D9}"
EndProject
Project("{FAE04EC0-301F-11D3-BF4B-00C04F79EFBC}") = "TestCommon", "..\Common\TestCommon\TestCommon.csproj", "{C39FF0C4-6960-42AD-8E2C-D2CAFE850A52}"
EndProject
Global
	GlobalSection(SolutionConfigurationPlatforms) = preSolution
		Debug|Any CPU = Debug|Any CPU
		Release|Any CPU = Release|Any CPU
	EndGlobalSection
	GlobalSection(ProjectConfigurationPlatforms) = postSolution
		{0A3B7014-1D9A-4F25-A8A9-F8BEF26E27E3}.Debug|Any CPU.ActiveCfg = Debug|Any CPU
		{0A3B7014-1D9A-4F25-A8A9-F8BEF26E27E3}.Debug|Any CPU.Build.0 = Debug|Any CPU
		{0A3B7014-1D9A-4F25-A8A9-F8BEF26E27E3}.Release|Any CPU.ActiveCfg = Release|Any CPU
		{0A3B7014-1D9A-4F25-A8A9-F8BEF26E27E3}.Release|Any CPU.Build.0 = Release|Any CPU
		{FCAF6E08-E147-444A-8788-208E622EB8D9}.Debug|Any CPU.ActiveCfg = Debug|Any CPU
		{FCAF6E08-E147-444A-8788-208E622EB8D9}.Debug|Any CPU.Build.0 = Debug|Any CPU
		{FCAF6E08-E147-444A-8788-208E622EB8D9}.Release|Any CPU.ActiveCfg = Release|Any CPU
		{FCAF6E08-E147-444A-8788-208E622EB8D9}.Release|Any CPU.Build.0 = Release|Any CPU
		{C39FF0C4-6960-42AD-8E2C-D2CAFE850A52}.Debug|Any CPU.ActiveCfg = Debug|Any CPU
		{C39FF0C4-6960-42AD-8E2C-D2CAFE850A52}.Debug|Any CPU.Build.0 = Debug|Any CPU
		{C39FF0C4-6960-42AD-8E2C-D2CAFE850A52}.Release|Any CPU.ActiveCfg = Release|Any CPU
		{C39FF0C4-6960-42AD-8E2C-D2CAFE850A52}.Release|Any CPU.Build.0 = Release|Any CPU
	EndGlobalSection
	GlobalSection(SolutionProperties) = preSolution
		HideSolutionNode = FALSE
	EndGlobalSection
	GlobalSection(ExtensibilityGlobals) = postSolution
		SolutionGuid = {0EFE18F7-792C-4FDC-9366-4213B46F4025}
	EndGlobalSection
EndGlobal
