
Microsoft Visual Studio Solution File, Format Version 12.00
# Visual Studio 15
VisualStudioVersion = 15.0.26730.16
MinimumVisualStudioVersion = 10.0.40219.1
Project("{FAE04EC0-301F-11D3-BF4B-00C04F79EFBC}") = "A10", "A10\A10.csproj", "{959A43B2-8836-4E1C-BD58-BF679061CE41}"
EndProject
Project("{FAE04EC0-301F-11D3-BF4B-00C04F79EFBC}") = "TestCommon", "..\Common\TestCommon\TestCommon.csproj", "{C39FF0C4-6960-42AD-8E2C-D2CAFE850A52}"
EndProject
Project("{FAE04EC0-301F-11D3-BF4B-00C04F79EFBC}") = "A10Tests", "A10Tests\A10Tests.csproj", "{2FCBC716-13F2-4649-B1C7-6D9DBDF458F7}"
EndProject
Global
	GlobalSection(SolutionConfigurationPlatforms) = preSolution
		Debug|Any CPU = Debug|Any CPU
		Release|Any CPU = Release|Any CPU
	EndGlobalSection
	GlobalSection(ProjectConfigurationPlatforms) = postSolution
		{959A43B2-8836-4E1C-BD58-BF679061CE41}.Debug|Any CPU.ActiveCfg = Debug|Any CPU
		{959A43B2-8836-4E1C-BD58-BF679061CE41}.Debug|Any CPU.Build.0 = Debug|Any CPU
		{959A43B2-8836-4E1C-BD58-BF679061CE41}.Release|Any CPU.ActiveCfg = Release|Any CPU
		{959A43B2-8836-4E1C-BD58-BF679061CE41}.Release|Any CPU.Build.0 = Release|Any CPU
		{C39FF0C4-6960-42AD-8E2C-D2CAFE850A52}.Debug|Any CPU.ActiveCfg = Debug|Any CPU
		{C39FF0C4-6960-42AD-8E2C-D2CAFE850A52}.Debug|Any CPU.Build.0 = Debug|Any CPU
		{C39FF0C4-6960-42AD-8E2C-D2CAFE850A52}.Release|Any CPU.ActiveCfg = Release|Any CPU
		{C39FF0C4-6960-42AD-8E2C-D2CAFE850A52}.Release|Any CPU.Build.0 = Release|Any CPU
		{2FCBC716-13F2-4649-B1C7-6D9DBDF458F7}.Debug|Any CPU.ActiveCfg = Debug|Any CPU
		{2FCBC716-13F2-4649-B1C7-6D9DBDF458F7}.Debug|Any CPU.Build.0 = Debug|Any CPU
		{2FCBC716-13F2-4649-B1C7-6D9DBDF458F7}.Release|Any CPU.ActiveCfg = Release|Any CPU
		{2FCBC716-13F2-4649-B1C7-6D9DBDF458F7}.Release|Any CPU.Build.0 = Release|Any CPU
	EndGlobalSection
	GlobalSection(SolutionProperties) = preSolution
		HideSolutionNode = FALSE
	EndGlobalSection
	GlobalSection(ExtensibilityGlobals) = postSolution
		SolutionGuid = {AF8954F5-6690-454C-B940-CC8A37F1BB26}
	EndGlobalSection
EndGlobal
