
Microsoft Visual Studio Solution File, Format Version 12.00
# Visual Studio 15
VisualStudioVersion = 15.0.26730.16
MinimumVisualStudioVersion = 10.0.40219.1
Project("{FAE04EC0-301F-11D3-BF4B-00C04F79EFBC}") = "Q1", "Q1\Q1.csproj", "{9052F527-4955-4115-8FAF-397D34FCA055}"
EndProject
Project("{FAE04EC0-301F-11D3-BF4B-00C04F79EFBC}") = "Q1Tests", "Q1Tests\Q1Tests.csproj", "{BB125DA5-B824-4FE8-AB77-4C2664756D8C}"
EndProject
Global
	GlobalSection(SolutionConfigurationPlatforms) = preSolution
		Debug|Any CPU = Debug|Any CPU
		Release|Any CPU = Release|Any CPU
	EndGlobalSection
	GlobalSection(ProjectConfigurationPlatforms) = postSolution
		{9052F527-4955-4115-8FAF-397D34FCA055}.Debug|Any CPU.ActiveCfg = Debug|Any CPU
		{9052F527-4955-4115-8FAF-397D34FCA055}.Debug|Any CPU.Build.0 = Debug|Any CPU
		{9052F527-4955-4115-8FAF-397D34FCA055}.Release|Any CPU.ActiveCfg = Release|Any CPU
		{9052F527-4955-4115-8FAF-397D34FCA055}.Release|Any CPU.Build.0 = Release|Any CPU
		{BB125DA5-B824-4FE8-AB77-4C2664756D8C}.Debug|Any CPU.ActiveCfg = Debug|Any CPU
		{BB125DA5-B824-4FE8-AB77-4C2664756D8C}.Debug|Any CPU.Build.0 = Debug|Any CPU
		{BB125DA5-B824-4FE8-AB77-4C2664756D8C}.Release|Any CPU.ActiveCfg = Release|Any CPU
		{BB125DA5-B824-4FE8-AB77-4C2664756D8C}.Release|Any CPU.Build.0 = Release|Any CPU
	EndGlobalSection
	GlobalSection(SolutionProperties) = preSolution
		HideSolutionNode = FALSE
	EndGlobalSection
	GlobalSection(ExtensibilityGlobals) = postSolution
		SolutionGuid = {BDD04B31-464A-42F2-A791-300645EDC1A7}
	EndGlobalSection
EndGlobal
