
Microsoft Visual Studio Solution File, Format Version 12.00
# Visual Studio 15
VisualStudioVersion = 15.0.26730.16
MinimumVisualStudioVersion = 10.0.40219.1
Project("{FAE04EC0-301F-11D3-BF4B-00C04F79EFBC}") = "A7", "A7\A7.csproj", "{944CEAF3-845E-4E76-85E8-4AA2D640B4D7}"
EndProject
Project("{FAE04EC0-301F-11D3-BF4B-00C04F79EFBC}") = "A7Tests", "A7Tests\A7Tests.csproj", "{06691015-198E-48B6-8620-5146C2EB01F6}"
EndProject
Project("{FAE04EC0-301F-11D3-BF4B-00C04F79EFBC}") = "TestCommon", "..\Common\TestCommon\TestCommon.csproj", "{C39FF0C4-6960-42AD-8E2C-D2CAFE850A52}"
EndProject
Global
	GlobalSection(SolutionConfigurationPlatforms) = preSolution
		Debug|Any CPU = Debug|Any CPU
		Release|Any CPU = Release|Any CPU
	EndGlobalSection
	GlobalSection(ProjectConfigurationPlatforms) = postSolution
		{944CEAF3-845E-4E76-85E8-4AA2D640B4D7}.Debug|Any CPU.ActiveCfg = Debug|Any CPU
		{944CEAF3-845E-4E76-85E8-4AA2D640B4D7}.Debug|Any CPU.Build.0 = Debug|Any CPU
		{944CEAF3-845E-4E76-85E8-4AA2D640B4D7}.Release|Any CPU.ActiveCfg = Release|Any CPU
		{944CEAF3-845E-4E76-85E8-4AA2D640B4D7}.Release|Any CPU.Build.0 = Release|Any CPU
		{06691015-198E-48B6-8620-5146C2EB01F6}.Debug|Any CPU.ActiveCfg = Debug|Any CPU
		{06691015-198E-48B6-8620-5146C2EB01F6}.Debug|Any CPU.Build.0 = Debug|Any CPU
		{06691015-198E-48B6-8620-5146C2EB01F6}.Release|Any CPU.ActiveCfg = Release|Any CPU
		{06691015-198E-48B6-8620-5146C2EB01F6}.Release|Any CPU.Build.0 = Release|Any CPU
		{C39FF0C4-6960-42AD-8E2C-D2CAFE850A52}.Debug|Any CPU.ActiveCfg = Debug|Any CPU
		{C39FF0C4-6960-42AD-8E2C-D2CAFE850A52}.Debug|Any CPU.Build.0 = Debug|Any CPU
		{C39FF0C4-6960-42AD-8E2C-D2CAFE850A52}.Release|Any CPU.ActiveCfg = Release|Any CPU
		{C39FF0C4-6960-42AD-8E2C-D2CAFE850A52}.Release|Any CPU.Build.0 = Release|Any CPU
	EndGlobalSection
	GlobalSection(SolutionProperties) = preSolution
		HideSolutionNode = FALSE
	EndGlobalSection
	GlobalSection(ExtensibilityGlobals) = postSolution
		SolutionGuid = {1469791E-B4C0-4DE0-956D-D8FC529F7ECC}
	EndGlobalSection
EndGlobal
